github.com/tongque0/gotack v1.0.2 h1:RduAnwoJ8b5OnUfTuLeU/3PFU6SUgRXODjRhk9IbcpQ=
github.com/tongque0/gotack v1.0.2/go.mod h1:v4A/OUygXaGtdcMDqy7Dlt3YPyGRVtVeZ7s25wjlTNE=
github.com/tongque0/gotack v1.0.3 h1:/75YHOCkhXaMzl7jn0O5O4YfptOGd3o4TgMUswGgwhI=
github.com/tongque0/gotack v1.0.3/go.mod h1:v4A/OUygXaGtdcMDqy7Dlt3YPyGRVtVeZ7s25wjlTNE=
github.com/tongque0/gotack v1.0.4 h1:1G9fnUYV15qP3jl2nLzql88BSG8WW1xNeLobz2NFv8Q=
github.com/tongque0/gotack v1.0.4/go.mod h1:v4A/OUygXaGtdcMDqy7Dlt3YPyGRVtVeZ7s25wjlTNE=
